// !$*UTF8*$!
{
	archiveVersion = 1;
	classes = {
	};
	objectVersion = 50;
	objects = {

/* Begin PBXBuildFile section */
		E4CCE141270F26A100146384 /* AppDelegate.swift in Sources */ = {isa = PBXBuildFile; fileRef = E4CCE140270F26A100146384 /* AppDelegate.swift */; };
		E4CCE143270F26A200146384 /* SceneDelegate.swift in Sources */ = {isa = PBXBuildFile; fileRef = E4CCE142270F26A200146384 /* SceneDelegate.swift */; };
		E4CCE145270F26A200146384 /* ViewController.swift in Sources */ = {isa = PBXBuildFile; fileRef = E4CCE144270F26A200146384 /* ViewController.swift */; };
		E4CCE148270F26A200146384 /* Main.storyboard in Resources */ = {isa = PBXBuildFile; fileRef = E4CCE146270F26A200146384 /* Main.storyboard */; };
		E4CCE14B270F26A200146384 /* Collection_and_Scroll_views.xcdatamodeld in Sources */ = {isa = PBXBuildFile; fileRef = E4CCE149270F26A200146384 /* Collection_and_Scroll_views.xcdatamodeld */; };
		E4CCE14D270F26A200146384 /* Assets.xcassets in Resources */ = {isa = PBXBuildFile; fileRef = E4CCE14C270F26A200146384 /* Assets.xcassets */; };
		E4CCE150270F26A200146384 /* LaunchScreen.storyboard in Resources */ = {isa = PBXBuildFile; fileRef = E4CCE14E270F26A200146384 /* LaunchScreen.storyboard */; };
/* End PBXBuildFile section */

/* Begin PBXFileReference section */
		E4CCE13D270F26A100146384 /* Collection and Scroll views.app */ = {isa = PBXFileReference; explicitFileType = wrapper.application; includeInIndex = 0; path = "Collection and Scroll views.app"; sourceTree = BUILT_PRODUCTS_DIR; };
		E4CCE140270F26A100146384 /* AppDelegate.swift */ = {isa = PBXFileReference; lastKnownFileType = sourcecode.swift; path = AppDelegate.swift; sourceTree = "<group>"; };
		E4CCE142270F26A200146384 /* SceneDelegate.swift */ = {isa = PBXFileReference; lastKnownFileType = sourcecode.swift; path = SceneDelegate.swift; sourceTree = "<group>"; };
		E4CCE144270F26A200146384 /* ViewController.swift */ = {isa = PBXFileReference; lastKnownFileType = sourcecode.swift; path = ViewController.swift; sourceTree = "<group>"; };
		E4CCE147270F26A200146384 /* Base */ = {isa = PBXFileReference; lastKnownFileType = file.storyboard; name = Base; path = Base.lproj/Main.storyboard; sourceTree = "<group>"; };
		E4CCE14A270F26A200146384 /* Collection_and_Scroll_views.xcdatamodel */ = {isa = PBXFileReference; lastKnownFileType = wrapper.xcdatamodel; path = Collection_and_Scroll_views.xcdatamodel; sourceTree = "<group>"; };
		E4CCE14C270F26A200146384 /* Assets.xcassets */ = {isa = PBXFileReference; lastKnownFileType = folder.assetcatalog; path = Assets.xcassets; sourceTree = "<group>"; };
		E4CCE14F270F26A200146384 /* Base */ = {isa = PBXFileReference; lastKnownFileType = file.storyboard; name = Base; path = Base.lproj/LaunchScreen.storyboard; sourceTree = "<group>"; };
		E4CCE151270F26A200146384 /* Info.plist */ = {isa = PBXFileReference; lastKnownFileType = text.plist.xml; path = Info.plist; sourceTree = "<group>"; };
/* End PBXFileReference section */

/* Begin PBXFrameworksBuildPhase section */
		E4CCE13A270F26A100146384 /* Frameworks */ = {
			isa = PBXFrameworksBuildPhase;
			buildActionMask = 2147483647;
			files = (
			);
			runOnlyForDeploymentPostprocessing = 0;
		};
/* End PBXFrameworksBuildPhase section */

/* Begin PBXGroup section */
		E4CCE134270F26A100146384 = {
			isa = PBXGroup;
			children = (
				E4CCE13F270F26A100146384 /* Collection and Scroll views */,
				E4CCE13E270F26A100146384 /* Products */,
			);
			sourceTree = "<group>";
		};
		E4CCE13E270F26A100146384 /* Products */ = {
			isa = PBXGroup;
			children = (
				E4CCE13D270F26A100146384 /* Collection and Scroll views.app */,
			);
			name = Products;
			sourceTree = "<group>";
		};
		E4CCE13F270F26A100146384 /* Collection and Scroll views */ = {
			isa = PBXGroup;
			children = (
				E4CCE140270F26A100146384 /* AppDelegate.swift */,
				E4CCE142270F26A200146384 /* SceneDelegate.swift */,
				E4CCE144270F26A200146384 /* ViewController.swift */,
				E4CCE146270F26A200146384 /* Main.storyboard */,
				E4CCE14C270F26A200146384 /* Assets.xcassets */,
				E4CCE14E270F26A200146384 /* LaunchScreen.storyboard */,
				E4CCE151270F26A200146384 /* Info.plist */,
				E4CCE149270F26A200146384 /* Collection_and_Scroll_views.xcdatamodeld */,
			);
			path = "Collection and Scroll views";
			sourceTree = "<group>";
		};
/* End PBXGroup section */

/* Begin PBXNativeTarget section */
		E4CCE13C270F26A100146384 /* Collection and Scroll views */ = {
			isa = PBXNativeTarget;
			buildConfigurationList = E4CCE154270F26A200146384 /* Build configuration list for PBXNativeTarget "Collection and Scroll views" */;
			buildPhases = (
				E4CCE139270F26A100146384 /* Sources */,
				E4CCE13A270F26A100146384 /* Frameworks */,
				E4CCE13B270F26A100146384 /* Resources */,
			);
			buildRules = (
			);
			dependencies = (
			);
			name = "Collection and Scroll views";
			productName = "Collection and Scroll views";
			productReference = E4CCE13D270F26A100146384 /* Collection and Scroll views.app */;
			productType = "com.apple.product-type.application";
		};
/* End PBXNativeTarget section */

/* Begin PBXProject section */
		E4CCE135270F26A100146384 /* Project object */ = {
			isa = PBXProject;
			attributes = {
				LastSwiftUpdateCheck = 1250;
				LastUpgradeCheck = 1250;
				TargetAttributes = {
					E4CCE13C270F26A100146384 = {
						CreatedOnToolsVersion = 12.5.1;
					};
				};
			};
			buildConfigurationList = E4CCE138270F26A100146384 /* Build configuration list for PBXProject "Collection and Scroll views" */;
			compatibilityVersion = "Xcode 9.3";
			developmentRegion = en;
			hasScannedForEncodings = 0;
			knownRegions = (
				en,
				Base,
			);
			mainGroup = E4CCE134270F26A100146384;
			productRefGroup = E4CCE13E270F26A100146384 /* Products */;
			projectDirPath = "";
			projectRoot = "";
			targets = (
				E4CCE13C270F26A100146384 /* Collection and Scroll views */,
			);
		};
/* End PBXProject section */

/* Begin PBXResourcesBuildPhase section */
		E4CCE13B270F26A100146384 /* Resources */ = {
			isa = PBXResourcesBuildPhase;
			buildActionMask = 2147483647;
			files = (
				E4CCE150270F26A200146384 /* LaunchScreen.storyboard in Resources */,
				E4CCE14D270F26A200146384 /* Assets.xcassets in Resources */,
				E4CCE148270F26A200146384 /* Main.storyboard in Resources */,
			);
			runOnlyForDeploymentPostprocessing = 0;
		};
/* End PBXResourcesBuildPhase section */

/* Begin PBXSourcesBuildPhase section */
		E4CCE139270F26A100146384 /* Sources */ = {
			isa = PBXSourcesBuildPhase;
			buildActionMask = 2147483647;
			files = (
				E4CCE145270F26A200146384 /* ViewController.swift in Sources */,
				E4CCE14B270F26A200146384 /* Collection_and_Scroll_views.xcdatamodeld in Sources */,
				E4CCE141270F26A100146384 /* AppDelegate.swift in Sources */,
				E4CCE143270F26A200146384 /* SceneDelegate.swift in Sources */,
			);
			runOnlyForDeploymentPostprocessing = 0;
		};
/* End PBXSourcesBuildPhase section */

/* Begin PBXVariantGroup section */
		E4CCE146270F26A200146384 /* Main.storyboard */ = {
			isa = PBXVariantGroup;
			children = (
				E4CCE147270F26A200146384 /* Base */,
			);
			name = Main.storyboard;
			sourceTree = "<group>";
		};
		E4CCE14E270F26A200146384 /* LaunchScreen.storyboard */ = {
			isa = PBXVariantGroup;
			children = (
				E4CCE14F270F26A200146384 /* Base */,
			);
			name = LaunchScreen.storyboard;
			sourceTree = "<group>";
		};
/* End PBXVariantGroup section */

/* Begin XCBuildConfiguration section */
		E4CCE152270F26A200146384 /* Debug */ = {
			isa = XCBuildConfiguration;
			buildSettings = {
				ALWAYS_SEARCH_USER_PATHS = NO;
				CLANG_ANALYZER_NONNULL = YES;
				CLANG_ANALYZER_NUMBER_OBJECT_CONVERSION = YES_AGGRESSIVE;
				CLANG_CXX_LANGUAGE_STANDARD = "gnu++14";
				CLANG_CXX_LIBRARY = "libc++";
				CLANG_ENABLE_MODULES = YES;
				CLANG_ENABLE_OBJC_ARC = YES;
				CLANG_ENABLE_OBJC_WEAK = YES;
				CLANG_WARN_BLOCK_CAPTURE_AUTORELEASING = YES;
				CLANG_WARN_BOOL_CONVERSION = YES;
				CLANG_WARN_COMMA = YES;
				CLANG_WARN_CONSTANT_CONVERSION = YES;
				CLANG_WARN_DEPRECATED_OBJC_IMPLEMENTATIONS = YES;
				CLANG_WARN_DIRECT_OBJC_ISA_USAGE = YES_ERROR;
				CLANG_WARN_DOCUMENTATION_COMMENTS = YES;
				CLANG_WARN_EMPTY_BODY = YES;
				CLANG_WARN_ENUM_CONVERSION = YES;
				CLANG_WARN_INFINITE_RECURSION = YES;
				CLANG_WARN_INT_CONVERSION = YES;
				CLANG_WARN_NON_LITERAL_NULL_CONVERSION = YES;
				CLANG_WARN_OBJC_IMPLICIT_RETAIN_SELF = YES;
				CLANG_WARN_OBJC_LITERAL_CONVERSION = YES;
				CLANG_WARN_OBJC_ROOT_CLASS = YES_ERROR;
				CLANG_WARN_QUOTED_INCLUDE_IN_FRAMEWORK_HEADER = YES;
				CLANG_WARN_RANGE_LOOP_ANALYSIS = YES;
				CLANG_WARN_STRICT_PROTOTYPES = YES;
				CLANG_WARN_SUSPICIOUS_MOVE = YES;
				CLANG_WARN_UNGUARDED_AVAILABILITY = YES_AGGRESSIVE;
				CLANG_WARN_UNREACHABLE_CODE = YES;
				CLANG_WARN__DUPLICATE_METHOD_MATCH = YES;
				COPY_PHASE_STRIP = NO;
				DEBUG_INFORMATION_FORMAT = dwarf;
				ENABLE_STRICT_OBJC_MSGSEND = YES;
				ENABLE_TESTABILITY = YES;
				GCC_C_LANGUAGE_STANDARD = gnu11;
				GCC_DYNAMIC_NO_PIC = NO;
				GCC_NO_COMMON_BLOCKS = YES;
				GCC_OPTIMIZATION_LEVEL = 0;
				GCC_PREPROCESSOR_DEFINITIONS = (
					"DEBUG=1",
					"$(inherited)",
				);
				GCC_WARN_64_TO_32_BIT_CONVERSION = YES;
				GCC_WARN_ABOUT_RETURN_TYPE = YES_ERROR;
				GCC_WARN_UNDECLARED_SELECTOR = YES;
				GCC_WARN_UNINITIALIZED_AUTOS = YES_AGGRESSIVE;
				GCC_WARN_UNUSED_FUNCTION = YES;
				GCC_WARN_UNUSED_VARIABLE = YES;
				IPHONEOS_DEPLOYMENT_TARGET = 14.5;
				MTL_ENABLE_DEBUG_INFO = INCLUDE_SOURCE;
				MTL_FAST_MATH = YES;
				ONLY_ACTIVE_ARCH = YES;
				SDKROOT = iphoneos;
				SWIFT_ACTIVE_COMPILATION_CONDITIONS = DEBUG;
				SWIFT_OPTIMIZATION_LEVEL = "-Onone";
			};
			name = Debug;
		};
		E4CCE153270F26A200146384 /* Release */ = {
			isa = XCBuildConfiguration;
			buildSettings = {
				ALWAYS_SEARCH_USER_PATHS = NO;
				CLANG_ANALYZER_NONNULL = YES;
				CLANG_ANALYZER_NUMBER_OBJECT_CONVERSION = YES_AGGRESSIVE;
				CLANG_CXX_LANGUAGE_STANDARD = "gnu++14";
				CLANG_CXX_LIBRARY = "libc++";
				CLANG_ENABLE_MODULES = YES;
				CLANG_ENABLE_OBJC_ARC = YES;
				CLANG_ENABLE_OBJC_WEAK = YES;
				CLANG_WARN_BLOCK_CAPTURE_AUTORELEASING = YES;
				CLANG_WARN_BOOL_CONVERSION = YES;
				CLANG_WARN_COMMA = YES;
				CLANG_WARN_CONSTANT_CONVERSION = YES;
				CLANG_WARN_DEPRECATED_OBJC_IMPLEMENTATIONS = YES;
				CLANG_WARN_DIRECT_OBJC_ISA_USAGE = YES_ERROR;
				CLANG_WARN_DOCUMENTATION_COMMENTS = YES;
				CLANG_WARN_EMPTY_BODY = YES;
				CLANG_WARN_ENUM_CONVERSION = YES;
				CLANG_WARN_INFINITE_RECURSION = YES;
				CLANG_WARN_INT_CONVERSION = YES;
				CLANG_WARN_NON_LITERAL_NULL_CONVERSION = YES;
				CLANG_WARN_OBJC_IMPLICIT_RETAIN_SELF = YES;
				CLANG_WARN_OBJC_LITERAL_CONVERSION = YES;
				CLANG_WARN_OBJC_ROOT_CLASS = YES_ERROR;
				CLANG_WARN_QUOTED_INCLUDE_IN_FRAMEWORK_HEADER = YES;
				CLANG_WARN_RANGE_LOOP_ANALYSIS = YES;
				CLANG_WARN_STRICT_PROTOTYPES = YES;
				CLANG_WARN_SUSPICIOUS_MOVE = YES;
				CLANG_WARN_UNGUARDED_AVAILABILITY = YES_AGGRESSIVE;
				CLANG_WARN_UNREACHABLE_CODE = YES;
				CLANG_WARN__DUPLICATE_METHOD_MATCH = YES;
				COPY_PHASE_STRIP = NO;
				DEBUG_INFORMATION_FORMAT = "dwarf-with-dsym";
				ENABLE_NS_ASSERTIONS = NO;
				ENABLE_STRICT_OBJC_MSGSEND = YES;
				GCC_C_LANGUAGE_STANDARD = gnu11;
				GCC_NO_COMMON_BLOCKS = YES;
				GCC_WARN_64_TO_32_BIT_CONVERSION = YES;
				GCC_WARN_ABOUT_RETURN_TYPE = YES_ERROR;
				GCC_WARN_UNDECLARED_SELECTOR = YES;
				GCC_WARN_UNINITIALIZED_AUTOS = YES_AGGRESSIVE;
				GCC_WARN_UNUSED_FUNCTION = YES;
				GCC_WARN_UNUSED_VARIABLE = YES;
				IPHONEOS_DEPLOYMENT_TARGET = 14.5;
				MTL_ENABLE_DEBUG_INFO = NO;
				MTL_FAST_MATH = YES;
				SDKROOT = iphoneos;
				SWIFT_COMPILATION_MODE = wholemodule;
				SWIFT_OPTIMIZATION_LEVEL = "-O";
				VALIDATE_PRODUCT = YES;
			};
			name = Release;
		};
		E4CCE155270F26A200146384 /* Debug */ = {
			isa = XCBuildConfiguration;
			buildSettings = {
				ASSETCATALOG_COMPILER_APPICON_NAME = AppIcon;
				ASSETCATALOG_COMPILER_GLOBAL_ACCENT_COLOR_NAME = AccentColor;
				CODE_SIGN_STYLE = Automatic;
				DEVELOPMENT_TEAM = 5MSB2Y5YH2;
				INFOPLIST_FILE = "Collection and Scroll views/Info.plist";
				LD_RUNPATH_SEARCH_PATHS = (
					"$(inherited)",
					"@executable_path/Frameworks",
				);
				PRODUCT_BUNDLE_IDENTIFIER = "pdp.uz.Collection-and-Scroll-views";
				PRODUCT_NAME = "$(TARGET_NAME)";
				SWIFT_VERSION = 5.0;
				TARGETED_DEVICE_FAMILY = "1,2";
			};
			name = Debug;
		};
		E4CCE156270F26A200146384 /* Release */ = {
			isa = XCBuildConfiguration;
			buildSettings = {
				ASSETCATALOG_COMPILER_APPICON_NAME = AppIcon;
				ASSETCATALOG_COMPILER_GLOBAL_ACCENT_COLOR_NAME = AccentColor;
				CODE_SIGN_STYLE = Automatic;
				DEVELOPMENT_TEAM = 5MSB2Y5YH2;
				INFOPLIST_FILE = "Collection and Scroll views/Info.plist";
				LD_RUNPATH_SEARCH_PATHS = (
					"$(inherited)",
					"@executable_path/Frameworks",
				);
				PRODUCT_BUNDLE_IDENTIFIER = "pdp.uz.Collection-and-Scroll-views";
				PRODUCT_NAME = "$(TARGET_NAME)";
				SWIFT_VERSION = 5.0;
				TARGETED_DEVICE_FAMILY = "1,2";
			};
			name = Release;
		};
/* End XCBuildConfiguration section */

/* Begin XCConfigurationList section */
		E4CCE138270F26A100146384 /* Build configuration list for PBXProject "Collection and Scroll views" */ = {
			isa = XCConfigurationList;
			buildConfigurations = (
				E4CCE152270F26A200146384 /* Debug */,
				E4CCE153270F26A200146384 /* Release */,
			);
			defaultConfigurationIsVisible = 0;
			defaultConfigurationName = Release;
		};
		E4CCE154270F26A200146384 /* Build configuration list for PBXNativeTarget "Collection and Scroll views" */ = {
			isa = XCConfigurationList;
			buildConfigurations = (
				E4CCE155270F26A200146384 /* Debug */,
				E4CCE156270F26A200146384 /* Release */,
			);
			defaultConfigurationIsVisible = 0;
			defaultConfigurationName = Release;
		};
/* End XCConfigurationList section */

/* Begin XCVersionGroup section */
		E4CCE149270F26A200146384 /* Collection_and_Scroll_views.xcdatamodeld */ = {
			isa = XCVersionGroup;
			children = (
				E4CCE14A270F26A200146384 /* Collection_and_Scroll_views.xcdatamodel */,
			);
			currentVersion = E4CCE14A270F26A200146384 /* Collection_and_Scroll_views.xcdatamodel */;
			path = Collection_and_Scroll_views.xcdatamodeld;
			sourceTree = "<group>";
			versionGroupType = wrapper.xcdatamodel;
		};
/* End XCVersionGroup section */
	};
	rootObject = E4CCE135270F26A100146384 /* Project object */;
}
